
Microsoft Visual Studio Solution File, Format Version 12.00
# Visual Studio 15
VisualStudioVersion = 15.0.27130.2036
MinimumVisualStudioVersion = 10.0.40219.1
Project("{9A19103F-16F7-4668-BE54-9A1E7A4F7556}") = "J.Data", "J.Data\J.Data.csproj", "{A0FA4E00-7E3F-46E7-836F-9132298B616B}"
EndProject
Project("{FAE04EC0-301F-11D3-BF4B-00C04F79EFBC}") = "J.Services", "J.Services\J.Services.csproj", "{16D22A2E-F55A-4701-803E-E73E6DC9D1F8}"
EndProject
Project("{FAE04EC0-301F-11D3-BF4B-00C04F79EFBC}") = "J.Models", "J.Models\J.Models.csproj", "{3920C633-26E5-4568-AE45-B42B76255D34}"
EndProject
Project("{FAE04EC0-301F-11D3-BF4B-00C04F79EFBC}") = "J.Web", "J.Web\J.Web.csproj", "{62D39EAE-2C65-4001-B2A7-97E15DE193A5}"
EndProject
Project("{FAE04EC0-301F-11D3-BF4B-00C04F79EFBC}") = "J.Web.Tests", "J.Web.Tests\J.Web.Tests.csproj", "{645B20F6-6BD4-45CD-827E-4F9CF6286495}"
EndProject
Global
	GlobalSection(SolutionConfigurationPlatforms) = preSolution
		Debug|Any CPU = Debug|Any CPU
		Release|Any CPU = Release|Any CPU
	EndGlobalSection
	GlobalSection(ProjectConfigurationPlatforms) = postSolution
		{A0FA4E00-7E3F-46E7-836F-9132298B616B}.Debug|Any CPU.ActiveCfg = Debug|Any CPU
		{A0FA4E00-7E3F-46E7-836F-9132298B616B}.Debug|Any CPU.Build.0 = Debug|Any CPU
		{A0FA4E00-7E3F-46E7-836F-9132298B616B}.Release|Any CPU.ActiveCfg = Release|Any CPU
		{A0FA4E00-7E3F-46E7-836F-9132298B616B}.Release|Any CPU.Build.0 = Release|Any CPU
		{16D22A2E-F55A-4701-803E-E73E6DC9D1F8}.Debug|Any CPU.ActiveCfg = Debug|Any CPU
		{16D22A2E-F55A-4701-803E-E73E6DC9D1F8}.Debug|Any CPU.Build.0 = Debug|Any CPU
		{16D22A2E-F55A-4701-803E-E73E6DC9D1F8}.Release|Any CPU.ActiveCfg = Release|Any CPU
		{16D22A2E-F55A-4701-803E-E73E6DC9D1F8}.Release|Any CPU.Build.0 = Release|Any CPU
		{3920C633-26E5-4568-AE45-B42B76255D34}.Debug|Any CPU.ActiveCfg = Debug|Any CPU
		{3920C633-26E5-4568-AE45-B42B76255D34}.Debug|Any CPU.Build.0 = Debug|Any CPU
		{3920C633-26E5-4568-AE45-B42B76255D34}.Release|Any CPU.ActiveCfg = Release|Any CPU
		{3920C633-26E5-4568-AE45-B42B76255D34}.Release|Any CPU.Build.0 = Release|Any CPU
		{62D39EAE-2C65-4001-B2A7-97E15DE193A5}.Debug|Any CPU.ActiveCfg = Debug|Any CPU
		{62D39EAE-2C65-4001-B2A7-97E15DE193A5}.Debug|Any CPU.Build.0 = Debug|Any CPU
		{62D39EAE-2C65-4001-B2A7-97E15DE193A5}.Release|Any CPU.ActiveCfg = Release|Any CPU
		{62D39EAE-2C65-4001-B2A7-97E15DE193A5}.Release|Any CPU.Build.0 = Release|Any CPU
		{645B20F6-6BD4-45CD-827E-4F9CF6286495}.Debug|Any CPU.ActiveCfg = Debug|Any CPU
		{645B20F6-6BD4-45CD-827E-4F9CF6286495}.Debug|Any CPU.Build.0 = Debug|Any CPU
		{645B20F6-6BD4-45CD-827E-4F9CF6286495}.Release|Any CPU.ActiveCfg = Release|Any CPU
		{645B20F6-6BD4-45CD-827E-4F9CF6286495}.Release|Any CPU.Build.0 = Release|Any CPU
	EndGlobalSection
	GlobalSection(SolutionProperties) = preSolution
		HideSolutionNode = FALSE
	EndGlobalSection
	GlobalSection(ExtensibilityGlobals) = postSolution
		SolutionGuid = {ED1B795A-7CA2-49BA-A079-BD1342BF01CF}
	EndGlobalSection
EndGlobal
